# THIS IS AN AUTOGENERATED FILE. DO NOT EDIT THIS FILE DIRECTLY.
# yarn lockfile v1


codemirror@5.62.3:
  version "5.62.3"
  resolved "https://registry.yarnpkg.com/codemirror/-/codemirror-5.62.3.tgz#5cfdee6931c8b2d1b39ae773aaaaec2cc6b5558e"
  integrity sha512-zZAyOfN8TU67ngqrxhOgtkSAGV9jSpN1snbl8elPtnh9Z5A11daR405+dhLzLnuXrwX0WCShWlybxPN3QC/9Pg==

core-js@^3.10.1:
  version "3.17.2"
  resolved "https://registry.yarnpkg.com/core-js/-/core-js-3.17.2.tgz#f960eae710dc62c29cca93d5332e3660e289db10"
  integrity sha512-XkbXqhcXeMHPRk2ItS+zQYliAMilea2euoMsnpRRdDad6b2VY6CQQcwz1K8AnWesfw4p165RzY0bTnr3UrbYiA==

custom-event-polyfill@^1.0.7:
  version "1.0.7"
  resolved "https://registry.yarnpkg.com/custom-event-polyfill/-/custom-event-polyfill-1.0.7.tgz#9bc993ddda937c1a30ccd335614c6c58c4f87aee"
  integrity sha512-TDDkd5DkaZxZFM8p+1I3yAlvM3rSr1wbrOliG4yJiwinMZN8z/iGL7BTlDkrJcYTmgUSb4ywVCc3ZaUtOtC76w==

file-extension@4.0.5:
  version "4.0.5"
  resolved "https://registry.yarnpkg.com/file-extension/-/file-extension-4.0.5.tgz#ae6cef34c28e7313a92baa4aa955755cacdf0ce3"
  integrity sha512-l0rOL3aKkoi6ea7MNZe6OHgqYYpn48Qfflr8Pe9G9JPPTx5A+sfboK91ZufzIs59/lPqh351l0eb6iKU9J5oGg==

handlebars@4.7.7:
  version "4.7.7"
  resolved "https://registry.yarnpkg.com/handlebars/-/handlebars-4.7.7.tgz#9ce33416aad02dbd6c8fafa8240d5d98004945a1"
  integrity sha512-aAcXm5OAfE/8IXkcZvCepKU3VzW1/39Fb5ZuqMtgI/hT8X2YgoMvBY5dLhq/cpOvw7Lk1nK/UF71aLG/ZnVYRA==
  dependencies:
    minimist "^1.2.5"
    neo-async "^2.6.0"
    source-map "^0.6.1"
    wordwrap "^1.0.0"
  optionalDependencies:
    uglify-js "^3.1.4"

jquery@3.6.x:
  version "3.6.0"
  resolved "https://registry.yarnpkg.com/jquery/-/jquery-3.6.0.tgz#c72a09f15c1bdce142f49dbf1170bdf8adac2470"
  integrity sha512-JVzAR/AjBvVt2BmYhxRCSYysDsPcssdmTFnzyLEts9qNwmjmu4JTAMYubEfwVOSwpQ1I1sKKFcxhZCI2buerfw==

loadjs@^4.2.0:
  version "4.2.0"
  resolved "https://registry.yarnpkg.com/loadjs/-/loadjs-4.2.0.tgz#2a0336376397a6a43edf98c9ec3229ddd5abb6f6"
  integrity sha512-AgQGZisAlTPbTEzrHPb6q+NYBMD+DP9uvGSIjSUM5uG+0jG15cb8axWpxuOIqrmQjn6scaaH8JwloiP27b2KXA==

minimist@^1.2.5:
  version "1.2.6"
  resolved "https://registry.yarnpkg.com/minimist/-/minimist-1.2.6.tgz#8637a5b759ea0d6e98702cfb3a9283323c93af44"
  integrity sha512-Jsjnk4bw3YJqYzbdyBiNsPWHPfO++UGG749Cxs6peCu5Xg4nrena6OVxOYxrQTqww0Jmwt+Ref8rggumkTLz9Q==

mousetrap@1.6.5:
  version "1.6.5"
  resolved "https://registry.yarnpkg.com/mousetrap/-/mousetrap-1.6.5.tgz#8a766d8c272b08393d5f56074e0b5ec183485bf9"
  integrity sha512-QNo4kEepaIBwiT8CDhP98umTetp+JNfQYBWvC1pc6/OAibuXtRcxZ58Qz8skvEHYvURne/7R8T5VoOI7rDsEUA==

neo-async@^2.6.0:
  version "2.6.2"
  resolved "https://registry.yarnpkg.com/neo-async/-/neo-async-2.6.2.tgz#b4aafb93e3aeb2d8174ca53cf163ab7d7308305f"
  integrity sha512-Yd3UES5mWCSqR+qNT93S3UoYUkqAZ9lLg8a7g9rimsWmYGK8cVToA4/sF3RrshdyV3sAGMXVUmpMYOw+dLpOuw==

pdfjs-dist@2.9.359:
  version "2.9.359"
  resolved "https://registry.yarnpkg.com/pdfjs-dist/-/pdfjs-dist-2.9.359.tgz#e67bafebf20e50fc41f1a5c189155ad008ac4f81"
  integrity sha512-P2nYtkacdlZaNNwrBLw1ZyMm0oE2yY/5S/GDCAmMJ7U4+ciL/D0mrlEC/o4HZZc/LNE3w8lEVzBEyVgEQlPVKQ==

photoswipe@4.1.3:
  version "4.1.3"
  resolved "https://registry.yarnpkg.com/photoswipe/-/photoswipe-4.1.3.tgz#59f49494eeb9ddab5888d03392926a19bc197550"
  integrity sha512-89Z43IRUyw7ycTolo+AaiDn3W1EEIfox54hERmm9bI12IB9cvRfHSHez3XhAyU8XW2EAFrC+2sKMhh7SJwn0bA==

plyr@3.6.8:
  version "3.6.8"
  resolved "https://registry.yarnpkg.com/plyr/-/plyr-3.6.8.tgz#a857ba87fe4318afcc121d4801cec3cf4013c081"
  integrity sha512-Iu9KKsH+/HH6PBGAag57KswjXRXyJ9TeMlcMiwLCGC9foqSIb+crPi6wTmyFr9AFmTr8QZuFrYEL+SlnXT+vBw==
  dependencies:
    core-js "^3.10.1"
    custom-event-polyfill "^1.0.7"
    loadjs "^4.2.0"
    rangetouch "^2.0.1"
    url-polyfill "^1.1.12"

rangetouch@^2.0.1:
  version "2.0.1"
  resolved "https://registry.yarnpkg.com/rangetouch/-/rangetouch-2.0.1.tgz#c01105110fd3afca2adcb1a580692837d883cb70"
  integrity sha512-sln+pNSc8NGaHoLzwNBssFSf/rSYkqeBXzX1AtJlkJiUaVSJSbRAWJk+4omsXkN+EJalzkZhWQ3th1m0FpR5xA==

screenfull@5.1.0:
  version "5.1.0"
  resolved "https://registry.yarnpkg.com/screenfull/-/screenfull-5.1.0.tgz#85c13c70f4ead4c1b8a935c70010dfdcd2c0e5c8"
  integrity sha512-dYaNuOdzr+kc6J6CFcBrzkLCfyGcMg+gWkJ8us93IQ7y1cevhQAugFsaCdMHb6lw8KV3xPzSxzH7zM1dQap9mA==

source-map@^0.6.1:
  version "0.6.1"
  resolved "https://registry.yarnpkg.com/source-map/-/source-map-0.6.1.tgz#74722af32e9614e9c287a8d0bbde48b5e2f1a263"
  integrity sha512-UjgapumWlbMhkBgzT7Ykc5YXUT46F0iKu8SGXq0bcwP5dz/h0Plj6enJqjz1Zbq2l5WaqYnrVbwWOWMyF3F47g==

uglify-js@^3.1.4:
  version "3.13.6"
  resolved "https://registry.yarnpkg.com/uglify-js/-/uglify-js-3.13.6.tgz#6815ac7fdd155d03c83e2362bb717e5b39b74013"
  integrity sha512-rRprLwl8RVaS+Qvx3Wh5hPfPBn9++G6xkGlUupya0s5aDmNjI7z3lnRLB3u7sN4OmbB0pWgzhM9BEJyiWAwtAA==

uppie@1.1.4:
  version "1.1.4"
  resolved "https://registry.yarnpkg.com/uppie/-/uppie-1.1.4.tgz#b6b153c61c58929d175ebbb3100e8c24224b8178"
  integrity sha512-1lcUay2fb0OIMVHuIqCvLJBQ2g401lYNbgexjlUjusj4T9dY/IlUrS1NRneoNq/demRCwhOkUMu/nbzldKgvOg==

url-polyfill@^1.1.12:
  version "1.1.12"
  resolved "https://registry.yarnpkg.com/url-polyfill/-/url-polyfill-1.1.12.tgz#6cdaa17f6b022841b3aec0bf8dbd87ac0cd33331"
  integrity sha512-mYFmBHCapZjtcNHW0MDq9967t+z4Dmg5CJ0KqysK3+ZbyoNOWQHksGCTWwDhxGXllkWlOc10Xfko6v4a3ucM6A==

wordwrap@^1.0.0:
  version "1.0.0"
  resolved "https://registry.yarnpkg.com/wordwrap/-/wordwrap-1.0.0.tgz#27584810891456a4171c8d0226441ade90cbcaeb"
  integrity sha1-J1hIEIkUVqQXHI0CJkQa3pDLyus=
